
Microsoft Visual Studio Solution File, Format Version 12.00
# Visual Studio Version 16
VisualStudioVersion = 16.0.31729.503
MinimumVisualStudioVersion = 10.0.40219.1
Project("{FAE04EC0-301F-11D3-BF4B-00C04F79EFBC}") = "BulkyBook", "BulkyBook\BulkyBook.csproj", "{21692EC1-EA19-4A7F-912F-4BB12F49A11F}"
EndProject
Global
	GlobalSection(SolutionConfigurationPlatforms) = preSolution
		Debug|Any CPU = Debug|Any CPU
		Release|Any CPU = Release|Any CPU
	EndGlobalSection
	GlobalSection(ProjectConfigurationPlatforms) = postSolution
		{21692EC1-EA19-4A7F-912F-4BB12F49A11F}.Debug|Any CPU.ActiveCfg = Debug|Any CPU
		{21692EC1-EA19-4A7F-912F-4BB12F49A11F}.Debug|Any CPU.Build.0 = Debug|Any CPU
		{21692EC1-EA19-4A7F-912F-4BB12F49A11F}.Release|Any CPU.ActiveCfg = Release|Any CPU
		{21692EC1-EA19-4A7F-912F-4BB12F49A11F}.Release|Any CPU.Build.0 = Release|Any CPU
	EndGlobalSection
	GlobalSection(SolutionProperties) = preSolution
		HideSolutionNode = FALSE
	EndGlobalSection
	GlobalSection(ExtensibilityGlobals) = postSolution
		SolutionGuid = {D1697746-0A1E-41B7-BFF8-CE7DC646095B}
	EndGlobalSection
EndGlobal
